
Microsoft Visual Studio Solution File, Format Version 12.00
Project("{FAE04EC0-301F-11D3-BF4B-00C04F79EFBC}") = "GymManagement.Api", "src\Presentation\GymManagement.Api\GymManagement.Api.csproj", "{51764BA0-AD5E-4A26-842D-3F15794E710B}"
EndProject
Project("{FAE04EC0-301F-11D3-BF4B-00C04F79EFBC}") = "GymManagement.Contracts", "src\Presentation\GymManagement.Contracts\GymManagement.Contracts.csproj", "{592C3CED-F441-4CC4-A9CC-6C0424795820}"
EndProject
Project("{FAE04EC0-301F-11D3-BF4B-00C04F79EFBC}") = "GymManagement.Application", "src\Core\GymManagement.Application\GymManagement.Application.csproj", "{EDDCBA87-E3D0-45DB-B17A-0E75AA8E5485}"
EndProject
Project("{FAE04EC0-301F-11D3-BF4B-00C04F79EFBC}") = "GymManagement.Infrastructure", "src\Infrastructure\GymManagement.Infrastructure\GymManagement.Infrastructure.csproj", "{BCFCB45E-ADD0-4CF7-B196-C77D06A0B630}"
EndProject
Project("{FAE04EC0-301F-11D3-BF4B-00C04F79EFBC}") = "GymManagement.Domain", "src\Core\GymManagement.Domain\GymManagement.Domain.csproj", "{95FB62B1-6B54-4465-B610-CA49160416E2}"
EndProject
Project("{2150E333-8FDC-42A3-9474-1A3956D46DE8}") = "src", "src", "{4631C950-C2AB-4BD0-9F6F-999E47193E9A}"
EndProject
Project("{2150E333-8FDC-42A3-9474-1A3956D46DE8}") = "tests", "tests", "{62390DB3-F405-40DB-A0DF-B9D80B2E9105}"
EndProject
Project("{2150E333-8FDC-42A3-9474-1A3956D46DE8}") = "Presentation", "Presentation", "{A1BD45E3-8F22-4088-8BE3-8B534C4C675C}"
EndProject
Project("{2150E333-8FDC-42A3-9474-1A3956D46DE8}") = "Infrastructure", "Infrastructure", "{6CCB9C34-F03E-4117-99A3-5587E575A305}"
EndProject
Project("{2150E333-8FDC-42A3-9474-1A3956D46DE8}") = "Core", "Core", "{C59133CE-6665-4850-9B47-40DD1C7C93C4}"
EndProject
Project("{FAE04EC0-301F-11D3-BF4B-00C04F79EFBC}") = "TestCommon", "tests\TestCommon\TestCommon.csproj", "{63FFFFD4-AE41-4F49-90E0-C6A68612D4B2}"
EndProject
Project("{FAE04EC0-301F-11D3-BF4B-00C04F79EFBC}") = "GymManagement.Domain.UnitTests", "tests\GymManagement.Domain.UnitTests\GymManagement.Domain.UnitTests.csproj", "{3C913E48-55CD-4760-9737-1DA46A51ADBB}"
EndProject
Project("{FAE04EC0-301F-11D3-BF4B-00C04F79EFBC}") = "GymManagement.Application.UnitTests", "tests\GymManagement.Application.UnitTests\GymManagement.Application.UnitTests.csproj", "{8DAB82F4-361B-4661-A0F7-5CF40ECD61FF}"
EndProject
Project("{FAE04EC0-301F-11D3-BF4B-00C04F79EFBC}") = "GymManagement.Application.SubcutaneousTests", "tests\GymManagement.Application.SubcutaneousTests\GymManagement.Application.SubcutaneousTests.csproj", "{9CEB39B8-3194-4BCA-A866-3E134179E1E3}"
EndProject
Project("{FAE04EC0-301F-11D3-BF4B-00C04F79EFBC}") = "GymManagement.Application.IntegrationTests", "tests\GymManagement.Application.IntegrationTests\GymManagement.Application.IntegrationTests.csproj", "{1C0CC509-DFAD-4653-A203-819E7B839B99}"
EndProject
Global
	GlobalSection(SolutionConfigurationPlatforms) = preSolution
		Debug|Any CPU = Debug|Any CPU
		Release|Any CPU = Release|Any CPU
	EndGlobalSection
	GlobalSection(ProjectConfigurationPlatforms) = postSolution
		{51764BA0-AD5E-4A26-842D-3F15794E710B}.Debug|Any CPU.ActiveCfg = Debug|Any CPU
		{51764BA0-AD5E-4A26-842D-3F15794E710B}.Debug|Any CPU.Build.0 = Debug|Any CPU
		{51764BA0-AD5E-4A26-842D-3F15794E710B}.Release|Any CPU.ActiveCfg = Release|Any CPU
		{51764BA0-AD5E-4A26-842D-3F15794E710B}.Release|Any CPU.Build.0 = Release|Any CPU
		{EDDCBA87-E3D0-45DB-B17A-0E75AA8E5485}.Debug|Any CPU.ActiveCfg = Debug|Any CPU
		{EDDCBA87-E3D0-45DB-B17A-0E75AA8E5485}.Debug|Any CPU.Build.0 = Debug|Any CPU
		{EDDCBA87-E3D0-45DB-B17A-0E75AA8E5485}.Release|Any CPU.ActiveCfg = Release|Any CPU
		{EDDCBA87-E3D0-45DB-B17A-0E75AA8E5485}.Release|Any CPU.Build.0 = Release|Any CPU
		{BCFCB45E-ADD0-4CF7-B196-C77D06A0B630}.Debug|Any CPU.ActiveCfg = Debug|Any CPU
		{BCFCB45E-ADD0-4CF7-B196-C77D06A0B630}.Debug|Any CPU.Build.0 = Debug|Any CPU
		{BCFCB45E-ADD0-4CF7-B196-C77D06A0B630}.Release|Any CPU.ActiveCfg = Release|Any CPU
		{BCFCB45E-ADD0-4CF7-B196-C77D06A0B630}.Release|Any CPU.Build.0 = Release|Any CPU
		{95FB62B1-6B54-4465-B610-CA49160416E2}.Debug|Any CPU.ActiveCfg = Debug|Any CPU
		{95FB62B1-6B54-4465-B610-CA49160416E2}.Debug|Any CPU.Build.0 = Debug|Any CPU
		{95FB62B1-6B54-4465-B610-CA49160416E2}.Release|Any CPU.ActiveCfg = Release|Any CPU
		{95FB62B1-6B54-4465-B610-CA49160416E2}.Release|Any CPU.Build.0 = Release|Any CPU
		{592C3CED-F441-4CC4-A9CC-6C0424795820}.Debug|Any CPU.ActiveCfg = Debug|Any CPU
		{592C3CED-F441-4CC4-A9CC-6C0424795820}.Debug|Any CPU.Build.0 = Debug|Any CPU
		{592C3CED-F441-4CC4-A9CC-6C0424795820}.Release|Any CPU.ActiveCfg = Release|Any CPU
		{592C3CED-F441-4CC4-A9CC-6C0424795820}.Release|Any CPU.Build.0 = Release|Any CPU
		{63FFFFD4-AE41-4F49-90E0-C6A68612D4B2}.Debug|Any CPU.ActiveCfg = Debug|Any CPU
		{63FFFFD4-AE41-4F49-90E0-C6A68612D4B2}.Debug|Any CPU.Build.0 = Debug|Any CPU
		{63FFFFD4-AE41-4F49-90E0-C6A68612D4B2}.Release|Any CPU.ActiveCfg = Release|Any CPU
		{63FFFFD4-AE41-4F49-90E0-C6A68612D4B2}.Release|Any CPU.Build.0 = Release|Any CPU
		{3C913E48-55CD-4760-9737-1DA46A51ADBB}.Debug|Any CPU.ActiveCfg = Debug|Any CPU
		{3C913E48-55CD-4760-9737-1DA46A51ADBB}.Debug|Any CPU.Build.0 = Debug|Any CPU
		{3C913E48-55CD-4760-9737-1DA46A51ADBB}.Release|Any CPU.ActiveCfg = Release|Any CPU
		{3C913E48-55CD-4760-9737-1DA46A51ADBB}.Release|Any CPU.Build.0 = Release|Any CPU
		{8DAB82F4-361B-4661-A0F7-5CF40ECD61FF}.Debug|Any CPU.ActiveCfg = Debug|Any CPU
		{8DAB82F4-361B-4661-A0F7-5CF40ECD61FF}.Debug|Any CPU.Build.0 = Debug|Any CPU
		{8DAB82F4-361B-4661-A0F7-5CF40ECD61FF}.Release|Any CPU.ActiveCfg = Release|Any CPU
		{8DAB82F4-361B-4661-A0F7-5CF40ECD61FF}.Release|Any CPU.Build.0 = Release|Any CPU
		{9CEB39B8-3194-4BCA-A866-3E134179E1E3}.Debug|Any CPU.ActiveCfg = Debug|Any CPU
		{9CEB39B8-3194-4BCA-A866-3E134179E1E3}.Debug|Any CPU.Build.0 = Debug|Any CPU
		{9CEB39B8-3194-4BCA-A866-3E134179E1E3}.Release|Any CPU.ActiveCfg = Release|Any CPU
		{9CEB39B8-3194-4BCA-A866-3E134179E1E3}.Release|Any CPU.Build.0 = Release|Any CPU
		{1C0CC509-DFAD-4653-A203-819E7B839B99}.Debug|Any CPU.ActiveCfg = Debug|Any CPU
		{1C0CC509-DFAD-4653-A203-819E7B839B99}.Debug|Any CPU.Build.0 = Debug|Any CPU
		{1C0CC509-DFAD-4653-A203-819E7B839B99}.Release|Any CPU.ActiveCfg = Release|Any CPU
		{1C0CC509-DFAD-4653-A203-819E7B839B99}.Release|Any CPU.Build.0 = Release|Any CPU
	EndGlobalSection
	GlobalSection(NestedProjects) = preSolution
		{A1BD45E3-8F22-4088-8BE3-8B534C4C675C} = {4631C950-C2AB-4BD0-9F6F-999E47193E9A}
		{51764BA0-AD5E-4A26-842D-3F15794E710B} = {A1BD45E3-8F22-4088-8BE3-8B534C4C675C}
		{592C3CED-F441-4CC4-A9CC-6C0424795820} = {A1BD45E3-8F22-4088-8BE3-8B534C4C675C}
		{6CCB9C34-F03E-4117-99A3-5587E575A305} = {4631C950-C2AB-4BD0-9F6F-999E47193E9A}
		{BCFCB45E-ADD0-4CF7-B196-C77D06A0B630} = {6CCB9C34-F03E-4117-99A3-5587E575A305}
		{C59133CE-6665-4850-9B47-40DD1C7C93C4} = {4631C950-C2AB-4BD0-9F6F-999E47193E9A}
		{EDDCBA87-E3D0-45DB-B17A-0E75AA8E5485} = {C59133CE-6665-4850-9B47-40DD1C7C93C4}
		{95FB62B1-6B54-4465-B610-CA49160416E2} = {C59133CE-6665-4850-9B47-40DD1C7C93C4}
		{63FFFFD4-AE41-4F49-90E0-C6A68612D4B2} = {62390DB3-F405-40DB-A0DF-B9D80B2E9105}
		{3C913E48-55CD-4760-9737-1DA46A51ADBB} = {62390DB3-F405-40DB-A0DF-B9D80B2E9105}
		{8DAB82F4-361B-4661-A0F7-5CF40ECD61FF} = {62390DB3-F405-40DB-A0DF-B9D80B2E9105}
		{9CEB39B8-3194-4BCA-A866-3E134179E1E3} = {62390DB3-F405-40DB-A0DF-B9D80B2E9105}
		{1C0CC509-DFAD-4653-A203-819E7B839B99} = {62390DB3-F405-40DB-A0DF-B9D80B2E9105}
	EndGlobalSection
EndGlobal
